
Microsoft Visual Studio Solution File, Format Version 12.00
# Visual Studio Version 17
VisualStudioVersion = 17.3.32825.248
MinimumVisualStudioVersion = 10.0.40219.1
Project("{9A19103F-16F7-4668-BE54-9A1E7A4F7556}") = "Exercise6_1", "Exercise6_1\Exercise6_1.csproj", "{19264EB0-0F7A-4AE9-994E-B1DCEA45FE67}"
EndProject
Project("{9A19103F-16F7-4668-BE54-9A1E7A4F7556}") = "Exercise6_2", "Exercise6_2\Exercise6_2.csproj", "{BCF2DC3C-30A6-447F-8225-C970E24F739C}"
EndProject
Project("{FAE04EC0-301F-11D3-BF4B-00C04F79EFBC}") = "Exercise7_1", "Exercise7_1\Exercise7_1.csproj", "{2A7CBD66-AF1E-4F50-851C-F38FAC83FE12}"
EndProject
Project("{FAE04EC0-301F-11D3-BF4B-00C04F79EFBC}") = "WordsExtractorSample", "WordsExtractor\WordsExtractorSample.csproj", "{EEFBE4DE-D200-478B-BB73-C098771C8285}"
EndProject
Project("{FAE04EC0-301F-11D3-BF4B-00C04F79EFBC}") = "AbbreviationsSample", "AbbreviationsSample\AbbreviationsSample.csproj", "{B54BA9FE-C7C1-4277-AAA0-0610D4466562}"
EndProject
Global
	GlobalSection(SolutionConfigurationPlatforms) = preSolution
		Debug|Any CPU = Debug|Any CPU
		Release|Any CPU = Release|Any CPU
	EndGlobalSection
	GlobalSection(ProjectConfigurationPlatforms) = postSolution
		{19264EB0-0F7A-4AE9-994E-B1DCEA45FE67}.Debug|Any CPU.ActiveCfg = Debug|Any CPU
		{19264EB0-0F7A-4AE9-994E-B1DCEA45FE67}.Debug|Any CPU.Build.0 = Debug|Any CPU
		{19264EB0-0F7A-4AE9-994E-B1DCEA45FE67}.Release|Any CPU.ActiveCfg = Release|Any CPU
		{19264EB0-0F7A-4AE9-994E-B1DCEA45FE67}.Release|Any CPU.Build.0 = Release|Any CPU
		{BCF2DC3C-30A6-447F-8225-C970E24F739C}.Debug|Any CPU.ActiveCfg = Debug|Any CPU
		{BCF2DC3C-30A6-447F-8225-C970E24F739C}.Debug|Any CPU.Build.0 = Debug|Any CPU
		{BCF2DC3C-30A6-447F-8225-C970E24F739C}.Release|Any CPU.ActiveCfg = Release|Any CPU
		{BCF2DC3C-30A6-447F-8225-C970E24F739C}.Release|Any CPU.Build.0 = Release|Any CPU
		{2A7CBD66-AF1E-4F50-851C-F38FAC83FE12}.Debug|Any CPU.ActiveCfg = Debug|Any CPU
		{2A7CBD66-AF1E-4F50-851C-F38FAC83FE12}.Debug|Any CPU.Build.0 = Debug|Any CPU
		{2A7CBD66-AF1E-4F50-851C-F38FAC83FE12}.Release|Any CPU.ActiveCfg = Release|Any CPU
		{2A7CBD66-AF1E-4F50-851C-F38FAC83FE12}.Release|Any CPU.Build.0 = Release|Any CPU
		{EEFBE4DE-D200-478B-BB73-C098771C8285}.Debug|Any CPU.ActiveCfg = Debug|Any CPU
		{EEFBE4DE-D200-478B-BB73-C098771C8285}.Debug|Any CPU.Build.0 = Debug|Any CPU
		{EEFBE4DE-D200-478B-BB73-C098771C8285}.Release|Any CPU.ActiveCfg = Release|Any CPU
		{EEFBE4DE-D200-478B-BB73-C098771C8285}.Release|Any CPU.Build.0 = Release|Any CPU
		{B54BA9FE-C7C1-4277-AAA0-0610D4466562}.Debug|Any CPU.ActiveCfg = Debug|Any CPU
		{B54BA9FE-C7C1-4277-AAA0-0610D4466562}.Debug|Any CPU.Build.0 = Debug|Any CPU
		{B54BA9FE-C7C1-4277-AAA0-0610D4466562}.Release|Any CPU.ActiveCfg = Release|Any CPU
		{B54BA9FE-C7C1-4277-AAA0-0610D4466562}.Release|Any CPU.Build.0 = Release|Any CPU
	EndGlobalSection
	GlobalSection(SolutionProperties) = preSolution
		HideSolutionNode = FALSE
	EndGlobalSection
	GlobalSection(ExtensibilityGlobals) = postSolution
		SolutionGuid = {71D19104-E590-47E2-85FF-40AFFBFDDE1E}
	EndGlobalSection
EndGlobal
